
Microsoft Visual Studio Solution File, Format Version 12.00
# Visual Studio Version 17
VisualStudioVersion = 17.8.34316.72
MinimumVisualStudioVersion = 10.0.40219.1
Project("{FAE04EC0-301F-11D3-BF4B-00C04F79EFBC}") = "TestdrivenUtveckling", "TestdrivenUtveckling\TestdrivenUtveckling.csproj", "{1E4DB6AB-A41A-427F-9BF9-6B2B921FA82F}"
EndProject
Global
	GlobalSection(SolutionConfigurationPlatforms) = preSolution
		Debug|Any CPU = Debug|Any CPU
		Release|Any CPU = Release|Any CPU
	EndGlobalSection
	GlobalSection(ProjectConfigurationPlatforms) = postSolution
		{1E4DB6AB-A41A-427F-9BF9-6B2B921FA82F}.Debug|Any CPU.ActiveCfg = Debug|Any CPU
		{1E4DB6AB-A41A-427F-9BF9-6B2B921FA82F}.Debug|Any CPU.Build.0 = Debug|Any CPU
		{1E4DB6AB-A41A-427F-9BF9-6B2B921FA82F}.Release|Any CPU.ActiveCfg = Release|Any CPU
		{1E4DB6AB-A41A-427F-9BF9-6B2B921FA82F}.Release|Any CPU.Build.0 = Release|Any CPU
	EndGlobalSection
	GlobalSection(SolutionProperties) = preSolution
		HideSolutionNode = FALSE
	EndGlobalSection
	GlobalSection(ExtensibilityGlobals) = postSolution
		SolutionGuid = {65333BDF-3E8A-4EE8-8932-859C8917BFF6}
	EndGlobalSection
EndGlobal
